
Microsoft Visual Studio Solution File, Format Version 12.00
# Visual Studio Version 16
VisualStudioVersion = 16.0.29424.173
MinimumVisualStudioVersion = 10.0.40219.1
Project("{FAE04EC0-301F-11D3-BF4B-00C04F79EFBC}") = "MapEditor", "MapEditor.csproj", "{F2C383BF-DAE1-4F03-AB70-5AE5FC14A888}"
EndProject
Global
	GlobalSection(SolutionConfigurationPlatforms) = preSolution
		Debug|Any CPU = Debug|Any CPU
		Release|Any CPU = Release|Any CPU
	EndGlobalSection
	GlobalSection(ProjectConfigurationPlatforms) = postSolution
		{F2C383BF-DAE1-4F03-AB70-5AE5FC14A888}.Debug|Any CPU.ActiveCfg = Debug|Any CPU
		{F2C383BF-DAE1-4F03-AB70-5AE5FC14A888}.Debug|Any CPU.Build.0 = Debug|Any CPU
		{F2C383BF-DAE1-4F03-AB70-5AE5FC14A888}.Release|Any CPU.ActiveCfg = Release|Any CPU
		{F2C383BF-DAE1-4F03-AB70-5AE5FC14A888}.Release|Any CPU.Build.0 = Release|Any CPU
	EndGlobalSection
	GlobalSection(SolutionProperties) = preSolution
		HideSolutionNode = FALSE
	EndGlobalSection
	GlobalSection(ExtensibilityGlobals) = postSolution
		SolutionGuid = {7BDD6A46-7B96-4891-A075-865F6EEA5A3E}
	EndGlobalSection
EndGlobal
